
Microsoft Visual Studio Solution File, Format Version 12.00
# Visual Studio Version 17
VisualStudioVersion = 17.2.32505.173
MinimumVisualStudioVersion = 10.0.40219.1
Project("{FAE04EC0-301F-11D3-BF4B-00C04F79EFBC}") = "WebDownload", "WebDownload\WebDownload.csproj", "{3EB01C07-B7BE-46A1-A88C-69E541154B55}"
EndProject
Global
	GlobalSection(SolutionConfigurationPlatforms) = preSolution
		Debug|Any CPU = Debug|Any CPU
		Release|Any CPU = Release|Any CPU
	EndGlobalSection
	GlobalSection(ProjectConfigurationPlatforms) = postSolution
		{3EB01C07-B7BE-46A1-A88C-69E541154B55}.Debug|Any CPU.ActiveCfg = Debug|Any CPU
		{3EB01C07-B7BE-46A1-A88C-69E541154B55}.Debug|Any CPU.Build.0 = Debug|Any CPU
		{3EB01C07-B7BE-46A1-A88C-69E541154B55}.Release|Any CPU.ActiveCfg = Release|Any CPU
		{3EB01C07-B7BE-46A1-A88C-69E541154B55}.Release|Any CPU.Build.0 = Release|Any CPU
	EndGlobalSection
	GlobalSection(SolutionProperties) = preSolution
		HideSolutionNode = FALSE
	EndGlobalSection
	GlobalSection(ExtensibilityGlobals) = postSolution
		SolutionGuid = {5DABFB34-25B2-458A-96B7-74A5744A232F}
	EndGlobalSection
EndGlobal
